# This file is generated by running "yarn install" inside your project.
# Manual changes might be lost - proceed with caution!

__metadata:
  version: 8
  cacheKey: 10c0

"@companion-module/base@npm:~1.12.0":
  version: 1.12.1
  resolution: "@companion-module/base@npm:1.12.1"
  dependencies:
    ajv: "npm:^8.17.1"
    colord: "npm:^2.9.3"
    ejson: "npm:^2.2.3"
    eventemitter3: "npm:^5.0.1"
    mimic-fn: "npm:^3.1.0"
    nanoid: "npm:^3.3.11"
    p-queue: "npm:^6.6.2"
    p-timeout: "npm:^4.1.0"
    tslib: "npm:^2.8.1"
  checksum: 10c0/11e67f87ba7f1dff830247882638da7cbc07d70ae47c606f43876ed183657b81ac7264e771e79735486d93c9845b0f28cfc8283d5d24b1b9eeb13a8e5b82db9d
  languageName: node
  linkType: hard

"ajv@npm:^8.17.1":
  version: 8.20.0
  resolution: "ajv@npm:8.20.0"
  dependencies:
    fast-deep-equal: "npm:^3.1.3"
    fast-uri: "npm:^3.0.1"
    json-schema-traverse: "npm:^1.0.0"
    require-from-string: "npm:^2.0.2"
  checksum: 10c0/5df9a1c8f83863cde1bd3a9ddb426f599718f88e3dc9153616c79fb28e0be455335830d7f21d745576519f057b371352daa31047b6a33d7036fe08777d60cf2a
  languageName: node
  linkType: hard

"colord@npm:^2.9.3":
  version: 2.10.0
  resolution: "colord@npm:2.10.0"
  checksum: 10c0/2f5d1d1759124f593deca17bbbab8a88bdc3ab68bbcc88db76c1192d9a5d575db202badde044bf61789561fa0ed7a9eb895382becad1af27ec65934c216e9e04
  languageName: node
  linkType: hard

"companion-module-at-suit@workspace:.":
  version: 0.0.0-use.local
  resolution: "companion-module-at-suit@workspace:."
  dependencies:
    "@companion-module/base": "npm:~1.12.0"
  languageName: unknown
  linkType: soft

"ejson@npm:^2.2.3":
  version: 2.2.3
  resolution: "ejson@npm:2.2.3"
  checksum: 10c0/648ea347f5e57441b7b9341adc6de244445b6da1d0e7747ea7a083f906299b92e4c44fc29e6de0b240d8fa4a73159e85f9367780d7af2ecbc50aae8a4e4961ae
  languageName: node
  linkType: hard

"eventemitter3@npm:^4.0.4":
  version: 4.0.7
  resolution: "eventemitter3@npm:4.0.7"
  checksum: 10c0/5f6d97cbcbac47be798e6355e3a7639a84ee1f7d9b199a07017f1d2f1e2fe236004d14fa5dfaeba661f94ea57805385e326236a6debbc7145c8877fbc0297c6b
  languageName: node
  linkType: hard

"eventemitter3@npm:^5.0.1":
  version: 5.0.4
  resolution: "eventemitter3@npm:5.0.4"
  checksum: 10c0/575b8cac8d709e1473da46f8f15ef311b57ff7609445a7c71af5cd42598583eee6f098fa7a593e30f27e94b8865642baa0689e8fa97c016f742abdb3b1bf6d9a
  languageName: node
  linkType: hard

"fast-deep-equal@npm:^3.1.3":
  version: 3.1.3
  resolution: "fast-deep-equal@npm:3.1.3"
  checksum: 10c0/40dedc862eb8992c54579c66d914635afbec43350afbbe991235fdcb4e3a8d5af1b23ae7e79bef7d4882d0ecee06c3197488026998fb19f72dc95acff1d1b1d0
  languageName: node
  linkType: hard

"fast-uri@npm:^3.0.1":
  version: 3.1.8
  resolution: "fast-uri@npm:3.1.8"
  checksum: 10c0/c9c47860a7f9110176d94bb30a02942182f0bfc8d6780e9702f320336dc2dadb83b1d9879cceaf8d4b439642d1ec6d78c317cb808ab155455551bd5d9d7c22d8
  languageName: node
  linkType: hard

"json-schema-traverse@npm:^1.0.0":
  version: 1.0.0
  resolution: "json-schema-traverse@npm:1.0.0"
  checksum: 10c0/71e30015d7f3d6dc1c316d6298047c8ef98a06d31ad064919976583eb61e1018a60a0067338f0f79cabc00d84af3fcc489bd48ce8a46ea165d9541ba17fb30c6
  languageName: node
  linkType: hard

"mimic-fn@npm:^3.1.0":
  version: 3.1.0
  resolution: "mimic-fn@npm:3.1.0"
  checksum: 10c0/a07cdd8ed6490c2dff5b11f889b245d9556b80f5a653a552a651d17cff5a2d156e632d235106c2369f00cccef4071704589574cf3601bc1b1400a1f620dff067
  languageName: node
  linkType: hard

"nanoid@npm:^3.3.11":
  version: 3.3.20
  resolution: "nanoid@npm:3.3.20"
  bin:
    nanoid: bin/nanoid.cjs
  checksum: 10c0/856e8bf3bddb959d65997bd94908be030dbc5e6ed88fb3af2a638e51d1938f4d4f454c7c7231aba340775224f88b8cfd3ce1693c70471bfd05f5b6a2227c0c1e
  languageName: node
  linkType: hard

"p-finally@npm:^1.0.0":
  version: 1.0.0
  resolution: "p-finally@npm:1.0.0"
  checksum: 10c0/6b8552339a71fe7bd424d01d8451eea92d379a711fc62f6b2fe64cad8a472c7259a236c9a22b4733abca0b5666ad503cb497792a0478c5af31ded793d00937e7
  languageName: node
  linkType: hard

"p-queue@npm:^6.6.2":
  version: 6.6.2
  resolution: "p-queue@npm:6.6.2"
  dependencies:
    eventemitter3: "npm:^4.0.4"
    p-timeout: "npm:^3.2.0"
  checksum: 10c0/5739ecf5806bbeadf8e463793d5e3004d08bb3f6177bd1a44a005da8fd81bb90f80e4633e1fb6f1dfd35ee663a5c0229abe26aebb36f547ad5a858347c7b0d3e
  languageName: node
  linkType: hard

"p-timeout@npm:^3.2.0":
  version: 3.2.0
  resolution: "p-timeout@npm:3.2.0"
  dependencies:
    p-finally: "npm:^1.0.0"
  checksum: 10c0/524b393711a6ba8e1d48137c5924749f29c93d70b671e6db761afa784726572ca06149c715632da8f70c090073afb2af1c05730303f915604fd38ee207b70a61
  languageName: node
  linkType: hard

"p-timeout@npm:^4.1.0":
  version: 4.1.0
  resolution: "p-timeout@npm:4.1.0"
  checksum: 10c0/25aaf13ae9ebfff4ab45591f6647f3bee1ecede073c367175fb0157c27efb170cfb51259a4d2e9118d2ca595453bc885f086ad0ca7476d1c26cee3d13a7c9f6d
  languageName: node
  linkType: hard

"require-from-string@npm:^2.0.2":
  version: 2.0.2
  resolution: "require-from-string@npm:2.0.2"
  checksum: 10c0/aaa267e0c5b022fc5fd4eef49d8285086b15f2a1c54b28240fdf03599cbd9c26049fee3eab894f2e1f6ca65e513b030a7c264201e3f005601e80c49fb2937ce2
  languageName: node
  linkType: hard

"tslib@npm:^2.8.1":
  version: 2.8.1
  resolution: "tslib@npm:2.8.1"
  checksum: 10c0/9c4759110a19c53f992d9aae23aac5ced636e99887b51b9e61def52611732872ff7668757d4e4c61f19691e36f4da981cd9485e869b4a7408d689f6bf1f14e62
  languageName: node
  linkType: hard
